
Microsoft Visual Studio Solution File, Format Version 12.00
# Visual Studio 2012
Project("{8BC9CEB8-8B4A-11D0-8D11-00A0C91BC942}") = "Lab8_Game", "Lab8_Game\Lab8_Game.vcxproj", "{A8EF4028-1B8E-4515-88E4-1C27EE967B33}"
EndProject
Global
	GlobalSection(SolutionConfigurationPlatforms) = preSolution
		Debug|Win32 = Debug|Win32
		Release|Win32 = Release|Win32
	EndGlobalSection
	GlobalSection(ProjectConfigurationPlatforms) = postSolution
		{A8EF4028-1B8E-4515-88E4-1C27EE967B33}.Debug|Win32.ActiveCfg = Debug|Win32
		{A8EF4028-1B8E-4515-88E4-1C27EE967B33}.Debug|Win32.Build.0 = Debug|Win32
		{A8EF4028-1B8E-4515-88E4-1C27EE967B33}.Release|Win32.ActiveCfg = Release|Win32
		{A8EF4028-1B8E-4515-88E4-1C27EE967B33}.Release|Win32.Build.0 = Release|Win32
	EndGlobalSection
	GlobalSection(SolutionProperties) = preSolution
		HideSolutionNode = FALSE
	EndGlobalSection
EndGlobal
